// !$*UTF8*$!
{
	archiveVersion = 1;
	classes = {
	};
	objectVersion = 56;
	objects = {

/* Begin PBXBuildFile section */
		D81230B12C4566AF00788D9E /* Movie.swift in Sources */ = {isa = PBXBuildFile; fileRef = D81230B02C4566AE00788D9E /* Movie.swift */; };
		D85C58952C441B4600506D1F /* AppDelegate.swift in Sources */ = {isa = PBXBuildFile; fileRef = D85C58942C441B4600506D1F /* AppDelegate.swift */; };
		D85C58972C441B4600506D1F /* SceneDelegate.swift in Sources */ = {isa = PBXBuildFile; fileRef = D85C58962C441B4600506D1F /* SceneDelegate.swift */; };
		D85C589E2C441B4A00506D1F /* Assets.xcassets in Resources */ = {isa = PBXBuildFile; fileRef = D85C589D2C441B4A00506D1F /* Assets.xcassets */; };
		D85C58A12C441B4A00506D1F /* Base in Resources */ = {isa = PBXBuildFile; fileRef = D85C58A02C441B4A00506D1F /* Base */; };
		D85C58AE2C441C6800506D1F /* String+Extensions.swift in Sources */ = {isa = PBXBuildFile; fileRef = D85C58AD2C441C6800506D1F /* String+Extensions.swift */; };
		D85C58B02C441DC000506D1F /* MoviesViewController.swift in Sources */ = {isa = PBXBuildFile; fileRef = D85C58AF2C441DC000506D1F /* MoviesViewController.swift */; };
		D85C58B32C4421A100506D1F /* Constants.swift in Sources */ = {isa = PBXBuildFile; fileRef = D85C58B22C4421A100506D1F /* Constants.swift */; };
		D8AC010A2C46C1E500164807 /* HTTPClient.swift in Sources */ = {isa = PBXBuildFile; fileRef = D8AC01092C46C1E500164807 /* HTTPClient.swift */; };
/* End PBXBuildFile section */

/* Begin PBXFileReference section */
		D81230B02C4566AE00788D9E /* Movie.swift */ = {isa = PBXFileReference; lastKnownFileType = sourcecode.swift; path = Movie.swift; sourceTree = "<group>"; };
		D85C58912C441B4600506D1F /* UlSvPl019MoviesUIKit.app */ = {isa = PBXFileReference; explicitFileType = wrapper.application; includeInIndex = 0; path = UlSvPl019MoviesUIKit.app; sourceTree = BUILT_PRODUCTS_DIR; };
		D85C58942C441B4600506D1F /* AppDelegate.swift */ = {isa = PBXFileReference; lastKnownFileType = sourcecode.swift; path = AppDelegate.swift; sourceTree = "<group>"; };
		D85C58962C441B4600506D1F /* SceneDelegate.swift */ = {isa = PBXFileReference; lastKnownFileType = sourcecode.swift; path = SceneDelegate.swift; sourceTree = "<group>"; };
		D85C589D2C441B4A00506D1F /* Assets.xcassets */ = {isa = PBXFileReference; lastKnownFileType = folder.assetcatalog; path = Assets.xcassets; sourceTree = "<group>"; };
		D85C58A02C441B4A00506D1F /* Base */ = {isa = PBXFileReference; lastKnownFileType = file.storyboard; name = Base; path = Base.lproj/LaunchScreen.storyboard; sourceTree = "<group>"; };
		D85C58A22C441B4A00506D1F /* Info.plist */ = {isa = PBXFileReference; lastKnownFileType = text.plist.xml; path = Info.plist; sourceTree = "<group>"; };
		D85C58AD2C441C6800506D1F /* String+Extensions.swift */ = {isa = PBXFileReference; lastKnownFileType = sourcecode.swift; path = "String+Extensions.swift"; sourceTree = "<group>"; };
		D85C58AF2C441DC000506D1F /* MoviesViewController.swift */ = {isa = PBXFileReference; lastKnownFileType = sourcecode.swift; path = MoviesViewController.swift; sourceTree = "<group>"; };
		D85C58B22C4421A100506D1F /* Constants.swift */ = {isa = PBXFileReference; lastKnownFileType = sourcecode.swift; path = Constants.swift; sourceTree = "<group>"; };
		D8AC01092C46C1E500164807 /* HTTPClient.swift */ = {isa = PBXFileReference; lastKnownFileType = sourcecode.swift; path = HTTPClient.swift; sourceTree = "<group>"; };
/* End PBXFileReference section */

/* Begin PBXFrameworksBuildPhase section */
		D85C588E2C441B4600506D1F /* Frameworks */ = {
			isa = PBXFrameworksBuildPhase;
			buildActionMask = 2147483647;
			files = (
			);
			runOnlyForDeploymentPostprocessing = 0;
		};
/* End PBXFrameworksBuildPhase section */

/* Begin PBXGroup section */
		D85C58882C441B4600506D1F = {
			isa = PBXGroup;
			children = (
				D85C58932C441B4600506D1F /* UlSvPl019MoviesUIKit */,
				D85C58922C441B4600506D1F /* Products */,
			);
			sourceTree = "<group>";
		};
		D85C58922C441B4600506D1F /* Products */ = {
			isa = PBXGroup;
			children = (
				D85C58912C441B4600506D1F /* UlSvPl019MoviesUIKit.app */,
			);
			name = Products;
			sourceTree = "<group>";
		};
		D85C58932C441B4600506D1F /* UlSvPl019MoviesUIKit */ = {
			isa = PBXGroup;
			children = (
				D85C58B12C44213E00506D1F /* Constants */,
				D85C58AC2C441C4100506D1F /* Extensions */,
				D85C58AB2C441C3900506D1F /* View Models */,
				D85C58AA2C441C2C00506D1F /* Clients */,
				D85C58A92C441C2700506D1F /* Models */,
				D85C58A82C441C1100506D1F /* View Controllers */,
				D85C58942C441B4600506D1F /* AppDelegate.swift */,
				D85C58962C441B4600506D1F /* SceneDelegate.swift */,
				D85C589D2C441B4A00506D1F /* Assets.xcassets */,
				D85C589F2C441B4A00506D1F /* LaunchScreen.storyboard */,
				D85C58A22C441B4A00506D1F /* Info.plist */,
			);
			path = UlSvPl019MoviesUIKit;
			sourceTree = "<group>";
		};
		D85C58A82C441C1100506D1F /* View Controllers */ = {
			isa = PBXGroup;
			children = (
				D85C58AF2C441DC000506D1F /* MoviesViewController.swift */,
			);
			path = "View Controllers";
			sourceTree = "<group>";
		};
		D85C58A92C441C2700506D1F /* Models */ = {
			isa = PBXGroup;
			children = (
				D81230B02C4566AE00788D9E /* Movie.swift */,
			);
			path = Models;
			sourceTree = "<group>";
		};
		D85C58AA2C441C2C00506D1F /* Clients */ = {
			isa = PBXGroup;
			children = (
				D8AC01092C46C1E500164807 /* HTTPClient.swift */,
			);
			path = Clients;
			sourceTree = "<group>";
		};
		D85C58AB2C441C3900506D1F /* View Models */ = {
			isa = PBXGroup;
			children = (
			);
			path = "View Models";
			sourceTree = "<group>";
		};
		D85C58AC2C441C4100506D1F /* Extensions */ = {
			isa = PBXGroup;
			children = (
				D85C58AD2C441C6800506D1F /* String+Extensions.swift */,
			);
			path = Extensions;
			sourceTree = "<group>";
		};
		D85C58B12C44213E00506D1F /* Constants */ = {
			isa = PBXGroup;
			children = (
				D85C58B22C4421A100506D1F /* Constants.swift */,
			);
			path = Constants;
			sourceTree = "<group>";
		};
/* End PBXGroup section */

/* Begin PBXNativeTarget section */
		D85C58902C441B4600506D1F /* UlSvPl019MoviesUIKit */ = {
			isa = PBXNativeTarget;
			buildConfigurationList = D85C58A52C441B4A00506D1F /* Build configuration list for PBXNativeTarget "UlSvPl019MoviesUIKit" */;
			buildPhases = (
				D85C588D2C441B4600506D1F /* Sources */,
				D85C588E2C441B4600506D1F /* Frameworks */,
				D85C588F2C441B4600506D1F /* Resources */,
			);
			buildRules = (
			);
			dependencies = (
			);
			name = UlSvPl019MoviesUIKit;
			productName = UlSvPl019MoviesUIKit;
			productReference = D85C58912C441B4600506D1F /* UlSvPl019MoviesUIKit.app */;
			productType = "com.apple.product-type.application";
		};
/* End PBXNativeTarget section */

/* Begin PBXProject section */
		D85C58892C441B4600506D1F /* Project object */ = {
			isa = PBXProject;
			attributes = {
				BuildIndependentTargetsInParallel = 1;
				LastSwiftUpdateCheck = 1540;
				LastUpgradeCheck = 1540;
				TargetAttributes = {
					D85C58902C441B4600506D1F = {
						CreatedOnToolsVersion = 15.4;
					};
				};
			};
			buildConfigurationList = D85C588C2C441B4600506D1F /* Build configuration list for PBXProject "UlSvPl019MoviesUIKit" */;
			compatibilityVersion = "Xcode 14.0";
			developmentRegion = en;
			hasScannedForEncodings = 0;
			knownRegions = (
				en,
				Base,
			);
			mainGroup = D85C58882C441B4600506D1F;
			productRefGroup = D85C58922C441B4600506D1F /* Products */;
			projectDirPath = "";
			projectRoot = "";
			targets = (
				D85C58902C441B4600506D1F /* UlSvPl019MoviesUIKit */,
			);
		};
/* End PBXProject section */

/* Begin PBXResourcesBuildPhase section */
		D85C588F2C441B4600506D1F /* Resources */ = {
			isa = PBXResourcesBuildPhase;
			buildActionMask = 2147483647;
			files = (
				D85C589E2C441B4A00506D1F /* Assets.xcassets in Resources */,
				D85C58A12C441B4A00506D1F /* Base in Resources */,
			);
			runOnlyForDeploymentPostprocessing = 0;
		};
/* End PBXResourcesBuildPhase section */

/* Begin PBXSourcesBuildPhase section */
		D85C588D2C441B4600506D1F /* Sources */ = {
			isa = PBXSourcesBuildPhase;
			buildActionMask = 2147483647;
			files = (
				D85C58B32C4421A100506D1F /* Constants.swift in Sources */,
				D85C58AE2C441C6800506D1F /* String+Extensions.swift in Sources */,
				D81230B12C4566AF00788D9E /* Movie.swift in Sources */,
				D8AC010A2C46C1E500164807 /* HTTPClient.swift in Sources */,
				D85C58952C441B4600506D1F /* AppDelegate.swift in Sources */,
				D85C58972C441B4600506D1F /* SceneDelegate.swift in Sources */,
				D85C58B02C441DC000506D1F /* MoviesViewController.swift in Sources */,
			);
			runOnlyForDeploymentPostprocessing = 0;
		};
/* End PBXSourcesBuildPhase section */

/* Begin PBXVariantGroup section */
		D85C589F2C441B4A00506D1F /* LaunchScreen.storyboard */ = {
			isa = PBXVariantGroup;
			children = (
				D85C58A02C441B4A00506D1F /* Base */,
			);
			name = LaunchScreen.storyboard;
			sourceTree = "<group>";
		};
/* End PBXVariantGroup section */

/* Begin XCBuildConfiguration section */
		D85C58A32C441B4A00506D1F /* Debug */ = {
			isa = XCBuildConfiguration;
			buildSettings = {
				ALWAYS_SEARCH_USER_PATHS = NO;
				ASSETCATALOG_COMPILER_GENERATE_SWIFT_ASSET_SYMBOL_EXTENSIONS = YES;
				CLANG_ANALYZER_NONNULL = YES;
				CLANG_ANALYZER_NUMBER_OBJECT_CONVERSION = YES_AGGRESSIVE;
				CLANG_CXX_LANGUAGE_STANDARD = "gnu++20";
				CLANG_ENABLE_MODULES = YES;
				CLANG_ENABLE_OBJC_ARC = YES;
				CLANG_ENABLE_OBJC_WEAK = YES;
				CLANG_WARN_BLOCK_CAPTURE_AUTORELEASING = YES;
				CLANG_WARN_BOOL_CONVERSION = YES;
				CLANG_WARN_COMMA = YES;
				CLANG_WARN_CONSTANT_CONVERSION = YES;
				CLANG_WARN_DEPRECATED_OBJC_IMPLEMENTATIONS = YES;
				CLANG_WARN_DIRECT_OBJC_ISA_USAGE = YES_ERROR;
				CLANG_WARN_DOCUMENTATION_COMMENTS = YES;
				CLANG_WARN_EMPTY_BODY = YES;
				CLANG_WARN_ENUM_CONVERSION = YES;
				CLANG_WARN_INFINITE_RECURSION = YES;
				CLANG_WARN_INT_CONVERSION = YES;
				CLANG_WARN_NON_LITERAL_NULL_CONVERSION = YES;
				CLANG_WARN_OBJC_IMPLICIT_RETAIN_SELF = YES;
				CLANG_WARN_OBJC_LITERAL_CONVERSION = YES;
				CLANG_WARN_OBJC_ROOT_CLASS = YES_ERROR;
				CLANG_WARN_QUOTED_INCLUDE_IN_FRAMEWORK_HEADER = YES;
				CLANG_WARN_RANGE_LOOP_ANALYSIS = YES;
				CLANG_WARN_STRICT_PROTOTYPES = YES;
				CLANG_WARN_SUSPICIOUS_MOVE = YES;
				CLANG_WARN_UNGUARDED_AVAILABILITY = YES_AGGRESSIVE;
				CLANG_WARN_UNREACHABLE_CODE = YES;
				CLANG_WARN__DUPLICATE_METHOD_MATCH = YES;
				COPY_PHASE_STRIP = NO;
				DEBUG_INFORMATION_FORMAT = dwarf;
				ENABLE_STRICT_OBJC_MSGSEND = YES;
				ENABLE_TESTABILITY = YES;
				ENABLE_USER_SCRIPT_SANDBOXING = YES;
				GCC_C_LANGUAGE_STANDARD = gnu17;
				GCC_DYNAMIC_NO_PIC = NO;
				GCC_NO_COMMON_BLOCKS = YES;
				GCC_OPTIMIZATION_LEVEL = 0;
				GCC_PREPROCESSOR_DEFINITIONS = (
					"DEBUG=1",
					"$(inherited)",
				);
				GCC_WARN_64_TO_32_BIT_CONVERSION = YES;
				GCC_WARN_ABOUT_RETURN_TYPE = YES_ERROR;
				GCC_WARN_UNDECLARED_SELECTOR = YES;
				GCC_WARN_UNINITIALIZED_AUTOS = YES_AGGRESSIVE;
				GCC_WARN_UNUSED_FUNCTION = YES;
				GCC_WARN_UNUSED_VARIABLE = YES;
				IPHONEOS_DEPLOYMENT_TARGET = 17.5;
				LOCALIZATION_PREFERS_STRING_CATALOGS = YES;
				MTL_ENABLE_DEBUG_INFO = INCLUDE_SOURCE;
				MTL_FAST_MATH = YES;
				ONLY_ACTIVE_ARCH = YES;
				SDKROOT = iphoneos;
				SWIFT_ACTIVE_COMPILATION_CONDITIONS = "DEBUG $(inherited)";
				SWIFT_OPTIMIZATION_LEVEL = "-Onone";
			};
			name = Debug;
		};
		D85C58A42C441B4A00506D1F /* Release */ = {
			isa = XCBuildConfiguration;
			buildSettings = {
				ALWAYS_SEARCH_USER_PATHS = NO;
				ASSETCATALOG_COMPILER_GENERATE_SWIFT_ASSET_SYMBOL_EXTENSIONS = YES;
				CLANG_ANALYZER_NONNULL = YES;
				CLANG_ANALYZER_NUMBER_OBJECT_CONVERSION = YES_AGGRESSIVE;
				CLANG_CXX_LANGUAGE_STANDARD = "gnu++20";
				CLANG_ENABLE_MODULES = YES;
				CLANG_ENABLE_OBJC_ARC = YES;
				CLANG_ENABLE_OBJC_WEAK = YES;
				CLANG_WARN_BLOCK_CAPTURE_AUTORELEASING = YES;
				CLANG_WARN_BOOL_CONVERSION = YES;
				CLANG_WARN_COMMA = YES;
				CLANG_WARN_CONSTANT_CONVERSION = YES;
				CLANG_WARN_DEPRECATED_OBJC_IMPLEMENTATIONS = YES;
				CLANG_WARN_DIRECT_OBJC_ISA_USAGE = YES_ERROR;
				CLANG_WARN_DOCUMENTATION_COMMENTS = YES;
				CLANG_WARN_EMPTY_BODY = YES;
				CLANG_WARN_ENUM_CONVERSION = YES;
				CLANG_WARN_INFINITE_RECURSION = YES;
				CLANG_WARN_INT_CONVERSION = YES;
				CLANG_WARN_NON_LITERAL_NULL_CONVERSION = YES;
				CLANG_WARN_OBJC_IMPLICIT_RETAIN_SELF = YES;
				CLANG_WARN_OBJC_LITERAL_CONVERSION = YES;
				CLANG_WARN_OBJC_ROOT_CLASS = YES_ERROR;
				CLANG_WARN_QUOTED_INCLUDE_IN_FRAMEWORK_HEADER = YES;
				CLANG_WARN_RANGE_LOOP_ANALYSIS = YES;
				CLANG_WARN_STRICT_PROTOTYPES = YES;
				CLANG_WARN_SUSPICIOUS_MOVE = YES;
				CLANG_WARN_UNGUARDED_AVAILABILITY = YES_AGGRESSIVE;
				CLANG_WARN_UNREACHABLE_CODE = YES;
				CLANG_WARN__DUPLICATE_METHOD_MATCH = YES;
				COPY_PHASE_STRIP = NO;
				DEBUG_INFORMATION_FORMAT = "dwarf-with-dsym";
				ENABLE_NS_ASSERTIONS = NO;
				ENABLE_STRICT_OBJC_MSGSEND = YES;
				ENABLE_USER_SCRIPT_SANDBOXING = YES;
				GCC_C_LANGUAGE_STANDARD = gnu17;
				GCC_NO_COMMON_BLOCKS = YES;
				GCC_WARN_64_TO_32_BIT_CONVERSION = YES;
				GCC_WARN_ABOUT_RETURN_TYPE = YES_ERROR;
				GCC_WARN_UNDECLARED_SELECTOR = YES;
				GCC_WARN_UNINITIALIZED_AUTOS = YES_AGGRESSIVE;
				GCC_WARN_UNUSED_FUNCTION = YES;
				GCC_WARN_UNUSED_VARIABLE = YES;
				IPHONEOS_DEPLOYMENT_TARGET = 17.5;
				LOCALIZATION_PREFERS_STRING_CATALOGS = YES;
				MTL_ENABLE_DEBUG_INFO = NO;
				MTL_FAST_MATH = YES;
				SDKROOT = iphoneos;
				SWIFT_COMPILATION_MODE = wholemodule;
				VALIDATE_PRODUCT = YES;
			};
			name = Release;
		};
		D85C58A62C441B4A00506D1F /* Debug */ = {
			isa = XCBuildConfiguration;
			buildSettings = {
				ASSETCATALOG_COMPILER_APPICON_NAME = AppIcon;
				ASSETCATALOG_COMPILER_GLOBAL_ACCENT_COLOR_NAME = AccentColor;
				CODE_SIGN_STYLE = Automatic;
				CURRENT_PROJECT_VERSION = 1;
				GENERATE_INFOPLIST_FILE = YES;
				INFOPLIST_FILE = UlSvPl019MoviesUIKit/Info.plist;
				INFOPLIST_KEY_UIApplicationSupportsIndirectInputEvents = YES;
				INFOPLIST_KEY_UILaunchStoryboardName = LaunchScreen;
				INFOPLIST_KEY_UISupportedInterfaceOrientations_iPad = "UIInterfaceOrientationPortrait UIInterfaceOrientationPortraitUpsideDown UIInterfaceOrientationLandscapeLeft UIInterfaceOrientationLandscapeRight";
				INFOPLIST_KEY_UISupportedInterfaceOrientations_iPhone = "UIInterfaceOrientationPortrait UIInterfaceOrientationLandscapeLeft UIInterfaceOrientationLandscapeRight";
				LD_RUNPATH_SEARCH_PATHS = (
					"$(inherited)",
					"@executable_path/Frameworks",
				);
				MARKETING_VERSION = 1.0;
				PRODUCT_BUNDLE_IDENTIFIER = com.joe3524.UlSvPl019MoviesUIKit;
				PRODUCT_NAME = "$(TARGET_NAME)";
				SWIFT_EMIT_LOC_STRINGS = YES;
				SWIFT_VERSION = 5.0;
				TARGETED_DEVICE_FAMILY = "1,2";
			};
			name = Debug;
		};
		D85C58A72C441B4A00506D1F /* Release */ = {
			isa = XCBuildConfiguration;
			buildSettings = {
				ASSETCATALOG_COMPILER_APPICON_NAME = AppIcon;
				ASSETCATALOG_COMPILER_GLOBAL_ACCENT_COLOR_NAME = AccentColor;
				CODE_SIGN_STYLE = Automatic;
				CURRENT_PROJECT_VERSION = 1;
				GENERATE_INFOPLIST_FILE = YES;
				INFOPLIST_FILE = UlSvPl019MoviesUIKit/Info.plist;
				INFOPLIST_KEY_UIApplicationSupportsIndirectInputEvents = YES;
				INFOPLIST_KEY_UILaunchStoryboardName = LaunchScreen;
				INFOPLIST_KEY_UISupportedInterfaceOrientations_iPad = "UIInterfaceOrientationPortrait UIInterfaceOrientationPortraitUpsideDown UIInterfaceOrientationLandscapeLeft UIInterfaceOrientationLandscapeRight";
				INFOPLIST_KEY_UISupportedInterfaceOrientations_iPhone = "UIInterfaceOrientationPortrait UIInterfaceOrientationLandscapeLeft UIInterfaceOrientationLandscapeRight";
				LD_RUNPATH_SEARCH_PATHS = (
					"$(inherited)",
					"@executable_path/Frameworks",
				);
				MARKETING_VERSION = 1.0;
				PRODUCT_BUNDLE_IDENTIFIER = com.joe3524.UlSvPl019MoviesUIKit;
				PRODUCT_NAME = "$(TARGET_NAME)";
				SWIFT_EMIT_LOC_STRINGS = YES;
				SWIFT_VERSION = 5.0;
				TARGETED_DEVICE_FAMILY = "1,2";
			};
			name = Release;
		};
/* End XCBuildConfiguration section */

/* Begin XCConfigurationList section */
		D85C588C2C441B4600506D1F /* Build configuration list for PBXProject "UlSvPl019MoviesUIKit" */ = {
			isa = XCConfigurationList;
			buildConfigurations = (
				D85C58A32C441B4A00506D1F /* Debug */,
				D85C58A42C441B4A00506D1F /* Release */,
			);
			defaultConfigurationIsVisible = 0;
			defaultConfigurationName = Release;
		};
		D85C58A52C441B4A00506D1F /* Build configuration list for PBXNativeTarget "UlSvPl019MoviesUIKit" */ = {
			isa = XCConfigurationList;
			buildConfigurations = (
				D85C58A62C441B4A00506D1F /* Debug */,
				D85C58A72C441B4A00506D1F /* Release */,
			);
			defaultConfigurationIsVisible = 0;
			defaultConfigurationName = Release;
		};
/* End XCConfigurationList section */
	};
	rootObject = D85C58892C441B4600506D1F /* Project object */;
}
